
Microsoft Visual Studio Solution File, Format Version 12.00
# Visual Studio Version 17
VisualStudioVersion = 17.5.33502.453
MinimumVisualStudioVersion = 10.0.40219.1
Project("{8BC9CEB8-8B4A-11D0-8D11-00A0C91BC942}") = "CircularQueues_040", "CircularQueues_040.vcxproj", "{9A770D74-C472-4A9C-99B2-71CDC34593D1}"
EndProject
Global
	GlobalSection(SolutionConfigurationPlatforms) = preSolution
		Debug|x64 = Debug|x64
		Debug|x86 = Debug|x86
		Release|x64 = Release|x64
		Release|x86 = Release|x86
	EndGlobalSection
	GlobalSection(ProjectConfigurationPlatforms) = postSolution
		{9A770D74-C472-4A9C-99B2-71CDC34593D1}.Debug|x64.ActiveCfg = Debug|x64
		{9A770D74-C472-4A9C-99B2-71CDC34593D1}.Debug|x64.Build.0 = Debug|x64
		{9A770D74-C472-4A9C-99B2-71CDC34593D1}.Debug|x86.ActiveCfg = Debug|Win32
		{9A770D74-C472-4A9C-99B2-71CDC34593D1}.Debug|x86.Build.0 = Debug|Win32
		{9A770D74-C472-4A9C-99B2-71CDC34593D1}.Release|x64.ActiveCfg = Release|x64
		{9A770D74-C472-4A9C-99B2-71CDC34593D1}.Release|x64.Build.0 = Release|x64
		{9A770D74-C472-4A9C-99B2-71CDC34593D1}.Release|x86.ActiveCfg = Release|Win32
		{9A770D74-C472-4A9C-99B2-71CDC34593D1}.Release|x86.Build.0 = Release|Win32
	EndGlobalSection
	GlobalSection(SolutionProperties) = preSolution
		HideSolutionNode = FALSE
	EndGlobalSection
	GlobalSection(ExtensibilityGlobals) = postSolution
		SolutionGuid = {3DE6D2B2-C4AF-477C-A04C-94B89707BD31}
	EndGlobalSection
EndGlobal
